
Microsoft Visual Studio Solution File, Format Version 12.00
# Visual Studio Version 17
VisualStudioVersion = 17.9.34723.18
MinimumVisualStudioVersion = 10.0.40219.1
Project("{9A19103F-16F7-4668-BE54-9A1E7A4F7556}") = "TrainOrgApi", "TrainOrgApi\TrainOrgApi.csproj", "{B06600E8-5C7A-4B0B-99C3-04B99CABA7CD}"
EndProject
Project("{FAE04EC0-301F-11D3-BF4B-00C04F79EFBC}") = "TrainOrgWinFormsApp", "TrainOrgWinFormsApp\TrainOrgWinFormsApp.csproj", "{C9767750-A518-4246-81EB-8C6D40E6651D}"
EndProject
Global
	GlobalSection(SolutionConfigurationPlatforms) = preSolution
		Debug|Any CPU = Debug|Any CPU
		Release|Any CPU = Release|Any CPU
	EndGlobalSection
	GlobalSection(ProjectConfigurationPlatforms) = postSolution
		{B06600E8-5C7A-4B0B-99C3-04B99CABA7CD}.Debug|Any CPU.ActiveCfg = Debug|Any CPU
		{B06600E8-5C7A-4B0B-99C3-04B99CABA7CD}.Debug|Any CPU.Build.0 = Debug|Any CPU
		{B06600E8-5C7A-4B0B-99C3-04B99CABA7CD}.Release|Any CPU.ActiveCfg = Release|Any CPU
		{B06600E8-5C7A-4B0B-99C3-04B99CABA7CD}.Release|Any CPU.Build.0 = Release|Any CPU
		{C9767750-A518-4246-81EB-8C6D40E6651D}.Debug|Any CPU.ActiveCfg = Debug|Any CPU
		{C9767750-A518-4246-81EB-8C6D40E6651D}.Debug|Any CPU.Build.0 = Debug|Any CPU
		{C9767750-A518-4246-81EB-8C6D40E6651D}.Release|Any CPU.ActiveCfg = Release|Any CPU
		{C9767750-A518-4246-81EB-8C6D40E6651D}.Release|Any CPU.Build.0 = Release|Any CPU
	EndGlobalSection
	GlobalSection(SolutionProperties) = preSolution
		HideSolutionNode = FALSE
	EndGlobalSection
	GlobalSection(ExtensibilityGlobals) = postSolution
		SolutionGuid = {BD524224-8C1C-4FA9-AFFF-8FC9407A30B9}
	EndGlobalSection
EndGlobal
